// !$*UTF8*$!
{
	archiveVersion = 1;
	classes = {
	};
	objectVersion = 46;
	objects = {

/* Begin PBXBuildFile section */
		AE1DAA6D1923EAC300B4806E /* Foundation.framework in Frameworks */ = {isa = PBXBuildFile; fileRef = AE1DAA6C1923EAC300B4806E /* Foundation.framework */; };
		AE1DAA6F1923EAC300B4806E /* CoreGraphics.framework in Frameworks */ = {isa = PBXBuildFile; fileRef = AE1DAA6E1923EAC300B4806E /* CoreGraphics.framework */; };
		AE1DAA711923EAC300B4806E /* UIKit.framework in Frameworks */ = {isa = PBXBuildFile; fileRef = AE1DAA701923EAC300B4806E /* UIKit.framework */; };
		AE1DAA771923EAC300B4806E /* InfoPlist.strings in Resources */ = {isa = PBXBuildFile; fileRef = AE1DAA751923EAC300B4806E /* InfoPlist.strings */; };
		AE1DAA791923EAC300B4806E /* main.m in Sources */ = {isa = PBXBuildFile; fileRef = AE1DAA781923EAC300B4806E /* main.m */; };
		AE1DAA7D1923EAC300B4806E /* AppDelegate.m in Sources */ = {isa = PBXBuildFile; fileRef = AE1DAA7C1923EAC300B4806E /* AppDelegate.m */; };
		AE1DAA801923EAC300B4806E /* Main.storyboard in Resources */ = {isa = PBXBuildFile; fileRef = AE1DAA7E1923EAC300B4806E /* Main.storyboard */; };
		AE1DAA831923EAC300B4806E /* ViewController.m in Sources */ = {isa = PBXBuildFile; fileRef = AE1DAA821923EAC300B4806E /* ViewController.m */; };
		AE1DAA851923EAC300B4806E /* Images.xcassets in Resources */ = {isa = PBXBuildFile; fileRef = AE1DAA841923EAC300B4806E /* Images.xcassets */; };
		AE1DAA8C1923EAC300B4806E /* XCTest.framework in Frameworks */ = {isa = PBXBuildFile; fileRef = AE1DAA8B1923EAC300B4806E /* XCTest.framework */; };
		AE1DAA8D1923EAC300B4806E /* Foundation.framework in Frameworks */ = {isa = PBXBuildFile; fileRef = AE1DAA6C1923EAC300B4806E /* Foundation.framework */; };
		AE1DAA8E1923EAC300B4806E /* UIKit.framework in Frameworks */ = {isa = PBXBuildFile; fileRef = AE1DAA701923EAC300B4806E /* UIKit.framework */; };
		AE1DAA961923EAC300B4806E /* InfoPlist.strings in Resources */ = {isa = PBXBuildFile; fileRef = AE1DAA941923EAC300B4806E /* InfoPlist.strings */; };
		AE1DAA981923EAC300B4806E /* MySafariTests.m in Sources */ = {isa = PBXBuildFile; fileRef = AE1DAA971923EAC300B4806E /* MySafariTests.m */; };
		AE1DAAA41923ECFB00B4806E /* CheckMate.framework in Frameworks */ = {isa = PBXBuildFile; fileRef = AE1DAAA31923ECFB00B4806E /* CheckMate.framework */; };
/* End PBXBuildFile section */

/* Begin PBXContainerItemProxy section */
		AE1DAA8F1923EAC300B4806E /* PBXContainerItemProxy */ = {
			isa = PBXContainerItemProxy;
			containerPortal = AE1DAA611923EAC300B4806E /* Project object */;
			proxyType = 1;
			remoteGlobalIDString = AE1DAA681923EAC300B4806E;
			remoteInfo = MySafari;
		};
/* End PBXContainerItemProxy section */

/* Begin PBXFileReference section */
		AE1DAA691923EAC300B4806E /* MySafari.app */ = {isa = PBXFileReference; explicitFileType = wrapper.application; includeInIndex = 0; path = MySafari.app; sourceTree = BUILT_PRODUCTS_DIR; };
		AE1DAA6C1923EAC300B4806E /* Foundation.framework */ = {isa = PBXFileReference; lastKnownFileType = wrapper.framework; name = Foundation.framework; path = System/Library/Frameworks/Foundation.framework; sourceTree = SDKROOT; };
		AE1DAA6E1923EAC300B4806E /* CoreGraphics.framework */ = {isa = PBXFileReference; lastKnownFileType = wrapper.framework; name = CoreGraphics.framework; path = System/Library/Frameworks/CoreGraphics.framework; sourceTree = SDKROOT; };
		AE1DAA701923EAC300B4806E /* UIKit.framework */ = {isa = PBXFileReference; lastKnownFileType = wrapper.framework; name = UIKit.framework; path = System/Library/Frameworks/UIKit.framework; sourceTree = SDKROOT; };
		AE1DAA741923EAC300B4806E /* MySafari-Info.plist */ = {isa = PBXFileReference; lastKnownFileType = text.plist.xml; path = "MySafari-Info.plist"; sourceTree = "<group>"; };
		AE1DAA761923EAC300B4806E /* en */ = {isa = PBXFileReference; lastKnownFileType = text.plist.strings; name = en; path = en.lproj/InfoPlist.strings; sourceTree = "<group>"; };
		AE1DAA781923EAC300B4806E /* main.m */ = {isa = PBXFileReference; lastKnownFileType = sourcecode.c.objc; path = main.m; sourceTree = "<group>"; };
		AE1DAA7A1923EAC300B4806E /* MySafari-Prefix.pch */ = {isa = PBXFileReference; lastKnownFileType = sourcecode.c.h; path = "MySafari-Prefix.pch"; sourceTree = "<group>"; };
		AE1DAA7B1923EAC300B4806E /* AppDelegate.h */ = {isa = PBXFileReference; lastKnownFileType = sourcecode.c.h; path = AppDelegate.h; sourceTree = "<group>"; };
		AE1DAA7C1923EAC300B4806E /* AppDelegate.m */ = {isa = PBXFileReference; lastKnownFileType = sourcecode.c.objc; path = AppDelegate.m; sourceTree = "<group>"; };
		AE1DAA7F1923EAC300B4806E /* Base */ = {isa = PBXFileReference; lastKnownFileType = file.storyboard; name = Base; path = Base.lproj/Main.storyboard; sourceTree = "<group>"; };
		AE1DAA811923EAC300B4806E /* ViewController.h */ = {isa = PBXFileReference; lastKnownFileType = sourcecode.c.h; path = ViewController.h; sourceTree = "<group>"; };
		AE1DAA821923EAC300B4806E /* ViewController.m */ = {isa = PBXFileReference; lastKnownFileType = sourcecode.c.objc; path = ViewController.m; sourceTree = "<group>"; };
		AE1DAA841923EAC300B4806E /* Images.xcassets */ = {isa = PBXFileReference; lastKnownFileType = folder.assetcatalog; path = Images.xcassets; sourceTree = "<group>"; };
		AE1DAA8A1923EAC300B4806E /* MySafariTests.xctest */ = {isa = PBXFileReference; explicitFileType = wrapper.cfbundle; includeInIndex = 0; path = MySafariTests.xctest; sourceTree = BUILT_PRODUCTS_DIR; };
		AE1DAA8B1923EAC300B4806E /* XCTest.framework */ = {isa = PBXFileReference; lastKnownFileType = wrapper.framework; name = XCTest.framework; path = Library/Frameworks/XCTest.framework; sourceTree = DEVELOPER_DIR; };
		AE1DAA931923EAC300B4806E /* MySafariTests-Info.plist */ = {isa = PBXFileReference; lastKnownFileType = text.plist.xml; path = "MySafariTests-Info.plist"; sourceTree = "<group>"; };
		AE1DAA951923EAC300B4806E /* en */ = {isa = PBXFileReference; lastKnownFileType = text.plist.strings; name = en; path = en.lproj/InfoPlist.strings; sourceTree = "<group>"; };
		AE1DAA971923EAC300B4806E /* MySafariTests.m */ = {isa = PBXFileReference; lastKnownFileType = sourcecode.c.objc; path = MySafariTests.m; sourceTree = "<group>"; };
		AE1DAAA31923ECFB00B4806E /* CheckMate.framework */ = {isa = PBXFileReference; lastKnownFileType = wrapper.framework; name = CheckMate.framework; path = ../CheckMate.framework; sourceTree = "<group>"; };
/* End PBXFileReference section */

/* Begin PBXFrameworksBuildPhase section */
		AE1DAA661923EAC300B4806E /* Frameworks */ = {
			isa = PBXFrameworksBuildPhase;
			buildActionMask = 2147483647;
			files = (
				AE1DAAA41923ECFB00B4806E /* CheckMate.framework in Frameworks */,
				AE1DAA6F1923EAC300B4806E /* CoreGraphics.framework in Frameworks */,
				AE1DAA711923EAC300B4806E /* UIKit.framework in Frameworks */,
				AE1DAA6D1923EAC300B4806E /* Foundation.framework in Frameworks */,
			);
			runOnlyForDeploymentPostprocessing = 0;
		};
		AE1DAA871923EAC300B4806E /* Frameworks */ = {
			isa = PBXFrameworksBuildPhase;
			buildActionMask = 2147483647;
			files = (
				AE1DAA8C1923EAC300B4806E /* XCTest.framework in Frameworks */,
				AE1DAA8E1923EAC300B4806E /* UIKit.framework in Frameworks */,
				AE1DAA8D1923EAC300B4806E /* Foundation.framework in Frameworks */,
			);
			runOnlyForDeploymentPostprocessing = 0;
		};
/* End PBXFrameworksBuildPhase section */

/* Begin PBXGroup section */
		AE1DAA601923EAC300B4806E = {
			isa = PBXGroup;
			children = (
				AE1DAA721923EAC300B4806E /* MySafari */,
				AE1DAA911923EAC300B4806E /* MySafariTests */,
				AE1DAA6B1923EAC300B4806E /* Frameworks */,
				AE1DAA6A1923EAC300B4806E /* Products */,
			);
			sourceTree = "<group>";
		};
		AE1DAA6A1923EAC300B4806E /* Products */ = {
			isa = PBXGroup;
			children = (
				AE1DAA691923EAC300B4806E /* MySafari.app */,
				AE1DAA8A1923EAC300B4806E /* MySafariTests.xctest */,
			);
			name = Products;
			sourceTree = "<group>";
		};
		AE1DAA6B1923EAC300B4806E /* Frameworks */ = {
			isa = PBXGroup;
			children = (
				AE1DAAA31923ECFB00B4806E /* CheckMate.framework */,
				AE1DAA6C1923EAC300B4806E /* Foundation.framework */,
				AE1DAA6E1923EAC300B4806E /* CoreGraphics.framework */,
				AE1DAA701923EAC300B4806E /* UIKit.framework */,
				AE1DAA8B1923EAC300B4806E /* XCTest.framework */,
			);
			name = Frameworks;
			sourceTree = "<group>";
		};
		AE1DAA721923EAC300B4806E /* MySafari */ = {
			isa = PBXGroup;
			children = (
				AE1DAA7B1923EAC300B4806E /* AppDelegate.h */,
				AE1DAA7C1923EAC300B4806E /* AppDelegate.m */,
				AE1DAA7E1923EAC300B4806E /* Main.storyboard */,
				AE1DAA811923EAC300B4806E /* ViewController.h */,
				AE1DAA821923EAC300B4806E /* ViewController.m */,
				AE1DAA841923EAC300B4806E /* Images.xcassets */,
				AE1DAA731923EAC300B4806E /* Supporting Files */,
			);
			path = MySafari;
			sourceTree = "<group>";
		};
		AE1DAA731923EAC300B4806E /* Supporting Files */ = {
			isa = PBXGroup;
			children = (
				AE1DAA741923EAC300B4806E /* MySafari-Info.plist */,
				AE1DAA751923EAC300B4806E /* InfoPlist.strings */,
				AE1DAA781923EAC300B4806E /* main.m */,
				AE1DAA7A1923EAC300B4806E /* MySafari-Prefix.pch */,
			);
			name = "Supporting Files";
			sourceTree = "<group>";
		};
		AE1DAA911923EAC300B4806E /* MySafariTests */ = {
			isa = PBXGroup;
			children = (
				AE1DAA971923EAC300B4806E /* MySafariTests.m */,
				AE1DAA921923EAC300B4806E /* Supporting Files */,
			);
			path = MySafariTests;
			sourceTree = "<group>";
		};
		AE1DAA921923EAC300B4806E /* Supporting Files */ = {
			isa = PBXGroup;
			children = (
				AE1DAA931923EAC300B4806E /* MySafariTests-Info.plist */,
				AE1DAA941923EAC300B4806E /* InfoPlist.strings */,
			);
			name = "Supporting Files";
			sourceTree = "<group>";
		};
/* End PBXGroup section */

/* Begin PBXNativeTarget section */
		AE1DAA681923EAC300B4806E /* MySafari */ = {
			isa = PBXNativeTarget;
			buildConfigurationList = AE1DAA9B1923EAC300B4806E /* Build configuration list for PBXNativeTarget "MySafari" */;
			buildPhases = (
				AE1DAA651923EAC300B4806E /* Sources */,
				AE1DAA661923EAC300B4806E /* Frameworks */,
				AE1DAA671923EAC300B4806E /* Resources */,
			);
			buildRules = (
			);
			dependencies = (
			);
			name = MySafari;
			productName = MySafari;
			productReference = AE1DAA691923EAC300B4806E /* MySafari.app */;
			productType = "com.apple.product-type.application";
		};
		AE1DAA891923EAC300B4806E /* MySafariTests */ = {
			isa = PBXNativeTarget;
			buildConfigurationList = AE1DAA9E1923EAC300B4806E /* Build configuration list for PBXNativeTarget "MySafariTests" */;
			buildPhases = (
				AE1DAA861923EAC300B4806E /* Sources */,
				AE1DAA871923EAC300B4806E /* Frameworks */,
				AE1DAA881923EAC300B4806E /* Resources */,
			);
			buildRules = (
			);
			dependencies = (
				AE1DAA901923EAC300B4806E /* PBXTargetDependency */,
			);
			name = MySafariTests;
			productName = MySafariTests;
			productReference = AE1DAA8A1923EAC300B4806E /* MySafariTests.xctest */;
			productType = "com.apple.product-type.bundle.unit-test";
		};
/* End PBXNativeTarget section */

/* Begin PBXProject section */
		AE1DAA611923EAC300B4806E /* Project object */ = {
			isa = PBXProject;
			attributes = {
				LastUpgradeCheck = 0510;
				ORGANIZATIONNAME = Mathien;
				TargetAttributes = {
					AE1DAA891923EAC300B4806E = {
						TestTargetID = AE1DAA681923EAC300B4806E;
					};
				};
			};
			buildConfigurationList = AE1DAA641923EAC300B4806E /* Build configuration list for PBXProject "MySafari" */;
			compatibilityVersion = "Xcode 3.2";
			developmentRegion = English;
			hasScannedForEncodings = 0;
			knownRegions = (
				en,
				Base,
			);
			mainGroup = AE1DAA601923EAC300B4806E;
			productRefGroup = AE1DAA6A1923EAC300B4806E /* Products */;
			projectDirPath = "";
			projectRoot = "";
			targets = (
				AE1DAA681923EAC300B4806E /* MySafari */,
				AE1DAA891923EAC300B4806E /* MySafariTests */,
			);
		};
/* End PBXProject section */

/* Begin PBXResourcesBuildPhase section */
		AE1DAA671923EAC300B4806E /* Resources */ = {
			isa = PBXResourcesBuildPhase;
			buildActionMask = 2147483647;
			files = (
				AE1DAA851923EAC300B4806E /* Images.xcassets in Resources */,
				AE1DAA771923EAC300B4806E /* InfoPlist.strings in Resources */,
				AE1DAA801923EAC300B4806E /* Main.storyboard in Resources */,
			);
			runOnlyForDeploymentPostprocessing = 0;
		};
		AE1DAA881923EAC300B4806E /* Resources */ = {
			isa = PBXResourcesBuildPhase;
			buildActionMask = 2147483647;
			files = (
				AE1DAA961923EAC300B4806E /* InfoPlist.strings in Resources */,
			);
			runOnlyForDeploymentPostprocessing = 0;
		};
/* End PBXResourcesBuildPhase section */

/* Begin PBXSourcesBuildPhase section */
		AE1DAA651923EAC300B4806E /* Sources */ = {
			isa = PBXSourcesBuildPhase;
			buildActionMask = 2147483647;
			files = (
				AE1DAA831923EAC300B4806E /* ViewController.m in Sources */,
				AE1DAA7D1923EAC300B4806E /* AppDelegate.m in Sources */,
				AE1DAA791923EAC300B4806E /* main.m in Sources */,
			);
			runOnlyForDeploymentPostprocessing = 0;
		};
		AE1DAA861923EAC300B4806E /* Sources */ = {
			isa = PBXSourcesBuildPhase;
			buildActionMask = 2147483647;
			files = (
				AE1DAA981923EAC300B4806E /* MySafariTests.m in Sources */,
			);
			runOnlyForDeploymentPostprocessing = 0;
		};
/* End PBXSourcesBuildPhase section */

/* Begin PBXTargetDependency section */
		AE1DAA901923EAC300B4806E /* PBXTargetDependency */ = {
			isa = PBXTargetDependency;
			target = AE1DAA681923EAC300B4806E /* MySafari */;
			targetProxy = AE1DAA8F1923EAC300B4806E /* PBXContainerItemProxy */;
		};
/* End PBXTargetDependency section */

/* Begin PBXVariantGroup section */
		AE1DAA751923EAC300B4806E /* InfoPlist.strings */ = {
			isa = PBXVariantGroup;
			children = (
				AE1DAA761923EAC300B4806E /* en */,
			);
			name = InfoPlist.strings;
			sourceTree = "<group>";
		};
		AE1DAA7E1923EAC300B4806E /* Main.storyboard */ = {
			isa = PBXVariantGroup;
			children = (
				AE1DAA7F1923EAC300B4806E /* Base */,
			);
			name = Main.storyboard;
			sourceTree = "<group>";
		};
		AE1DAA941923EAC300B4806E /* InfoPlist.strings */ = {
			isa = PBXVariantGroup;
			children = (
				AE1DAA951923EAC300B4806E /* en */,
			);
			name = InfoPlist.strings;
			sourceTree = "<group>";
		};
/* End PBXVariantGroup section */

/* Begin XCBuildConfiguration section */
		AE1DAA991923EAC300B4806E /* Debug */ = {
			isa = XCBuildConfiguration;
			buildSettings = {
				ALWAYS_SEARCH_USER_PATHS = NO;
				CLANG_CXX_LANGUAGE_STANDARD = "gnu++0x";
				CLANG_CXX_LIBRARY = "libc++";
				CLANG_ENABLE_MODULES = YES;
				CLANG_ENABLE_OBJC_ARC = YES;
				CLANG_WARN_BOOL_CONVERSION = YES;
				CLANG_WARN_CONSTANT_CONVERSION = YES;
				CLANG_WARN_DIRECT_OBJC_ISA_USAGE = YES_ERROR;
				CLANG_WARN_EMPTY_BODY = YES;
				CLANG_WARN_ENUM_CONVERSION = YES;
				CLANG_WARN_INT_CONVERSION = YES;
				CLANG_WARN_OBJC_ROOT_CLASS = YES_ERROR;
				CLANG_WARN__DUPLICATE_METHOD_MATCH = YES;
				"CODE_SIGN_IDENTITY[sdk=iphoneos*]" = "iPhone Developer";
				COPY_PHASE_STRIP = NO;
				GCC_C_LANGUAGE_STANDARD = gnu99;
				GCC_DYNAMIC_NO_PIC = NO;
				GCC_OPTIMIZATION_LEVEL = 0;
				GCC_PREPROCESSOR_DEFINITIONS = (
					"DEBUG=1",
					"$(inherited)",
				);
				GCC_SYMBOLS_PRIVATE_EXTERN = NO;
				GCC_WARN_64_TO_32_BIT_CONVERSION = YES;
				GCC_WARN_ABOUT_RETURN_TYPE = YES_ERROR;
				GCC_WARN_UNDECLARED_SELECTOR = YES;
				GCC_WARN_UNINITIALIZED_AUTOS = YES_AGGRESSIVE;
				GCC_WARN_UNUSED_FUNCTION = YES;
				GCC_WARN_UNUSED_VARIABLE = YES;
				IPHONEOS_DEPLOYMENT_TARGET = 7.1;
				ONLY_ACTIVE_ARCH = YES;
				SDKROOT = iphoneos;
			};
			name = Debug;
		};
		AE1DAA9A1923EAC300B4806E /* Release */ = {
			isa = XCBuildConfiguration;
			buildSettings = {
				ALWAYS_SEARCH_USER_PATHS = NO;
				CLANG_CXX_LANGUAGE_STANDARD = "gnu++0x";
				CLANG_CXX_LIBRARY = "libc++";
				CLANG_ENABLE_MODULES = YES;
				CLANG_ENABLE_OBJC_ARC = YES;
				CLANG_WARN_BOOL_CONVERSION = YES;
				CLANG_WARN_CONSTANT_CONVERSION = YES;
				CLANG_WARN_DIRECT_OBJC_ISA_USAGE = YES_ERROR;
				CLANG_WARN_EMPTY_BODY = YES;
				CLANG_WARN_ENUM_CONVERSION = YES;
				CLANG_WARN_INT_CONVERSION = YES;
				CLANG_WARN_OBJC_ROOT_CLASS = YES_ERROR;
				CLANG_WARN__DUPLICATE_METHOD_MATCH = YES;
				"CODE_SIGN_IDENTITY[sdk=iphoneos*]" = "iPhone Developer";
				COPY_PHASE_STRIP = YES;
				ENABLE_NS_ASSERTIONS = NO;
				GCC_C_LANGUAGE_STANDARD = gnu99;
				GCC_WARN_64_TO_32_BIT_CONVERSION = YES;
				GCC_WARN_ABOUT_RETURN_TYPE = YES_ERROR;
				GCC_WARN_UNDECLARED_SELECTOR = YES;
				GCC_WARN_UNINITIALIZED_AUTOS = YES_AGGRESSIVE;
				GCC_WARN_UNUSED_FUNCTION = YES;
				GCC_WARN_UNUSED_VARIABLE = YES;
				IPHONEOS_DEPLOYMENT_TARGET = 7.1;
				SDKROOT = iphoneos;
				VALIDATE_PRODUCT = YES;
			};
			name = Release;
		};
		AE1DAA9C1923EAC300B4806E /* Debug */ = {
			isa = XCBuildConfiguration;
			buildSettings = {
				ASSETCATALOG_COMPILER_APPICON_NAME = AppIcon;
				ASSETCATALOG_COMPILER_LAUNCHIMAGE_NAME = LaunchImage;
				FRAMEWORK_SEARCH_PATHS = (
					"$(inherited)",
					/Users/teacher/Desktop/mobile,
					makers,
				);
				GCC_PRECOMPILE_PREFIX_HEADER = YES;
				GCC_PREFIX_HEADER = "MySafari/MySafari-Prefix.pch";
				INFOPLIST_FILE = "MySafari/MySafari-Info.plist";
				PRODUCT_NAME = "$(TARGET_NAME)";
				WRAPPER_EXTENSION = app;
			};
			name = Debug;
		};
		AE1DAA9D1923EAC300B4806E /* Release */ = {
			isa = XCBuildConfiguration;
			buildSettings = {
				ASSETCATALOG_COMPILER_APPICON_NAME = AppIcon;
				ASSETCATALOG_COMPILER_LAUNCHIMAGE_NAME = LaunchImage;
				FRAMEWORK_SEARCH_PATHS = (
					"$(inherited)",
					/Users/teacher/Desktop/mobile,
					makers,
				);
				GCC_PRECOMPILE_PREFIX_HEADER = YES;
				GCC_PREFIX_HEADER = "MySafari/MySafari-Prefix.pch";
				INFOPLIST_FILE = "MySafari/MySafari-Info.plist";
				PRODUCT_NAME = "$(TARGET_NAME)";
				WRAPPER_EXTENSION = app;
			};
			name = Release;
		};
		AE1DAA9F1923EAC300B4806E /* Debug */ = {
			isa = XCBuildConfiguration;
			buildSettings = {
				BUNDLE_LOADER = "$(BUILT_PRODUCTS_DIR)/MySafari.app/MySafari";
				FRAMEWORK_SEARCH_PATHS = (
					"$(SDKROOT)/Developer/Library/Frameworks",
					"$(inherited)",
					"$(DEVELOPER_FRAMEWORKS_DIR)",
				);
				GCC_PRECOMPILE_PREFIX_HEADER = YES;
				GCC_PREFIX_HEADER = "MySafari/MySafari-Prefix.pch";
				GCC_PREPROCESSOR_DEFINITIONS = (
					"DEBUG=1",
					"$(inherited)",
				);
				INFOPLIST_FILE = "MySafariTests/MySafariTests-Info.plist";
				PRODUCT_NAME = "$(TARGET_NAME)";
				TEST_HOST = "$(BUNDLE_LOADER)";
				WRAPPER_EXTENSION = xctest;
			};
			name = Debug;
		};
		AE1DAAA01923EAC300B4806E /* Release */ = {
			isa = XCBuildConfiguration;
			buildSettings = {
				BUNDLE_LOADER = "$(BUILT_PRODUCTS_DIR)/MySafari.app/MySafari";
				FRAMEWORK_SEARCH_PATHS = (
					"$(SDKROOT)/Developer/Library/Frameworks",
					"$(inherited)",
					"$(DEVELOPER_FRAMEWORKS_DIR)",
				);
				GCC_PRECOMPILE_PREFIX_HEADER = YES;
				GCC_PREFIX_HEADER = "MySafari/MySafari-Prefix.pch";
				INFOPLIST_FILE = "MySafariTests/MySafariTests-Info.plist";
				PRODUCT_NAME = "$(TARGET_NAME)";
				TEST_HOST = "$(BUNDLE_LOADER)";
				WRAPPER_EXTENSION = xctest;
			};
			name = Release;
		};
/* End XCBuildConfiguration section */

/* Begin XCConfigurationList section */
		AE1DAA641923EAC300B4806E /* Build configuration list for PBXProject "MySafari" */ = {
			isa = XCConfigurationList;
			buildConfigurations = (
				AE1DAA991923EAC300B4806E /* Debug */,
				AE1DAA9A1923EAC300B4806E /* Release */,
			);
			defaultConfigurationIsVisible = 0;
			defaultConfigurationName = Release;
		};
		AE1DAA9B1923EAC300B4806E /* Build configuration list for PBXNativeTarget "MySafari" */ = {
			isa = XCConfigurationList;
			buildConfigurations = (
				AE1DAA9C1923EAC300B4806E /* Debug */,
				AE1DAA9D1923EAC300B4806E /* Release */,
			);
			defaultConfigurationIsVisible = 0;
		};
		AE1DAA9E1923EAC300B4806E /* Build configuration list for PBXNativeTarget "MySafariTests" */ = {
			isa = XCConfigurationList;
			buildConfigurations = (
				AE1DAA9F1923EAC300B4806E /* Debug */,
				AE1DAAA01923EAC300B4806E /* Release */,
			);
			defaultConfigurationIsVisible = 0;
		};
/* End XCConfigurationList section */
	};
	rootObject = AE1DAA611923EAC300B4806E /* Project object */;
}
